// !$*UTF8*$!
{
	archiveVersion = 1;
	classes = {
	};
	objectVersion = 50;
	objects = {

/* Begin PBXBuildFile section */
		A7214C9B2294EE3900ABBCA1 /* countries.json in Resources */ = {isa = PBXBuildFile; fileRef = A7214C9A2294EE3900ABBCA1 /* countries.json */; };
		A7EEA515228EF4860017B1B3 /* AppDelegate.swift in Sources */ = {isa = PBXBuildFile; fileRef = A7EEA514228EF4860017B1B3 /* AppDelegate.swift */; };
		A7EEA517228EF4860017B1B3 /* ViewController.swift in Sources */ = {isa = PBXBuildFile; fileRef = A7EEA516228EF4860017B1B3 /* ViewController.swift */; };
		A7EEA51A228EF4860017B1B3 /* Main.storyboard in Resources */ = {isa = PBXBuildFile; fileRef = A7EEA518228EF4860017B1B3 /* Main.storyboard */; };
		A7EEA51D228EF4860017B1B3 /* whatsappOpener.xcdatamodeld in Sources */ = {isa = PBXBuildFile; fileRef = A7EEA51B228EF4860017B1B3 /* whatsappOpener.xcdatamodeld */; };
		A7EEA51F228EF4870017B1B3 /* Assets.xcassets in Resources */ = {isa = PBXBuildFile; fileRef = A7EEA51E228EF4870017B1B3 /* Assets.xcassets */; };
		A7EEA522228EF4870017B1B3 /* LaunchScreen.storyboard in Resources */ = {isa = PBXBuildFile; fileRef = A7EEA520228EF4870017B1B3 /* LaunchScreen.storyboard */; };
		A7EEA52D228EF4870017B1B3 /* whatsappOpenerTests.swift in Sources */ = {isa = PBXBuildFile; fileRef = A7EEA52C228EF4870017B1B3 /* whatsappOpenerTests.swift */; };
		A7EEA538228EF4870017B1B3 /* whatsappOpenerUITests.swift in Sources */ = {isa = PBXBuildFile; fileRef = A7EEA537228EF4870017B1B3 /* whatsappOpenerUITests.swift */; };
/* End PBXBuildFile section */

/* Begin PBXContainerItemProxy section */
		A7EEA529228EF4870017B1B3 /* PBXContainerItemProxy */ = {
			isa = PBXContainerItemProxy;
			containerPortal = A7EEA509228EF4850017B1B3 /* Project object */;
			proxyType = 1;
			remoteGlobalIDString = A7EEA510228EF4850017B1B3;
			remoteInfo = whatsappOpener;
		};
		A7EEA534228EF4870017B1B3 /* PBXContainerItemProxy */ = {
			isa = PBXContainerItemProxy;
			containerPortal = A7EEA509228EF4850017B1B3 /* Project object */;
			proxyType = 1;
			remoteGlobalIDString = A7EEA510228EF4850017B1B3;
			remoteInfo = whatsappOpener;
		};
/* End PBXContainerItemProxy section */

/* Begin PBXFileReference section */
		A7214C9A2294EE3900ABBCA1 /* countries.json */ = {isa = PBXFileReference; fileEncoding = 4; lastKnownFileType = text.json; path = countries.json; sourceTree = SOURCE_ROOT; };
		A7EEA511228EF4860017B1B3 /* whatsappOpener.app */ = {isa = PBXFileReference; explicitFileType = wrapper.application; includeInIndex = 0; path = whatsappOpener.app; sourceTree = BUILT_PRODUCTS_DIR; };
		A7EEA514228EF4860017B1B3 /* AppDelegate.swift */ = {isa = PBXFileReference; lastKnownFileType = sourcecode.swift; path = AppDelegate.swift; sourceTree = "<group>"; };
		A7EEA516228EF4860017B1B3 /* ViewController.swift */ = {isa = PBXFileReference; lastKnownFileType = sourcecode.swift; path = ViewController.swift; sourceTree = "<group>"; };
		A7EEA519228EF4860017B1B3 /* Base */ = {isa = PBXFileReference; lastKnownFileType = file.storyboard; name = Base; path = Base.lproj/Main.storyboard; sourceTree = "<group>"; };
		A7EEA51C228EF4860017B1B3 /* whatsappOpener.xcdatamodel */ = {isa = PBXFileReference; lastKnownFileType = wrapper.xcdatamodel; path = whatsappOpener.xcdatamodel; sourceTree = "<group>"; };
		A7EEA51E228EF4870017B1B3 /* Assets.xcassets */ = {isa = PBXFileReference; lastKnownFileType = folder.assetcatalog; path = Assets.xcassets; sourceTree = "<group>"; };
		A7EEA521228EF4870017B1B3 /* Base */ = {isa = PBXFileReference; lastKnownFileType = file.storyboard; name = Base; path = Base.lproj/LaunchScreen.storyboard; sourceTree = "<group>"; };
		A7EEA523228EF4870017B1B3 /* Info.plist */ = {isa = PBXFileReference; lastKnownFileType = text.plist.xml; path = Info.plist; sourceTree = "<group>"; };
		A7EEA528228EF4870017B1B3 /* whatsappOpenerTests.xctest */ = {isa = PBXFileReference; explicitFileType = wrapper.cfbundle; includeInIndex = 0; path = whatsappOpenerTests.xctest; sourceTree = BUILT_PRODUCTS_DIR; };
		A7EEA52C228EF4870017B1B3 /* whatsappOpenerTests.swift */ = {isa = PBXFileReference; lastKnownFileType = sourcecode.swift; path = whatsappOpenerTests.swift; sourceTree = "<group>"; };
		A7EEA52E228EF4870017B1B3 /* Info.plist */ = {isa = PBXFileReference; lastKnownFileType = text.plist.xml; path = Info.plist; sourceTree = "<group>"; };
		A7EEA533228EF4870017B1B3 /* whatsappOpenerUITests.xctest */ = {isa = PBXFileReference; explicitFileType = wrapper.cfbundle; includeInIndex = 0; path = whatsappOpenerUITests.xctest; sourceTree = BUILT_PRODUCTS_DIR; };
		A7EEA537228EF4870017B1B3 /* whatsappOpenerUITests.swift */ = {isa = PBXFileReference; lastKnownFileType = sourcecode.swift; path = whatsappOpenerUITests.swift; sourceTree = "<group>"; };
		A7EEA539228EF4870017B1B3 /* Info.plist */ = {isa = PBXFileReference; lastKnownFileType = text.plist.xml; path = Info.plist; sourceTree = "<group>"; };
/* End PBXFileReference section */

/* Begin PBXFrameworksBuildPhase section */
		A7EEA50E228EF4850017B1B3 /* Frameworks */ = {
			isa = PBXFrameworksBuildPhase;
			buildActionMask = 2147483647;
			files = (
			);
			runOnlyForDeploymentPostprocessing = 0;
		};
		A7EEA525228EF4870017B1B3 /* Frameworks */ = {
			isa = PBXFrameworksBuildPhase;
			buildActionMask = 2147483647;
			files = (
			);
			runOnlyForDeploymentPostprocessing = 0;
		};
		A7EEA530228EF4870017B1B3 /* Frameworks */ = {
			isa = PBXFrameworksBuildPhase;
			buildActionMask = 2147483647;
			files = (
			);
			runOnlyForDeploymentPostprocessing = 0;
		};
/* End PBXFrameworksBuildPhase section */

/* Begin PBXGroup section */
		A74BEBCD22930D3B00755D10 /* SupportFiles */ = {
			isa = PBXGroup;
			children = (
				A7EEA514228EF4860017B1B3 /* AppDelegate.swift */,
				A7EEA51E228EF4870017B1B3 /* Assets.xcassets */,
				A7214C9A2294EE3900ABBCA1 /* countries.json */,
			);
			path = SupportFiles;
			sourceTree = "<group>";
		};
		A74BEBCE22930D6900755D10 /* Models */ = {
			isa = PBXGroup;
			children = (
				A7EEA51B228EF4860017B1B3 /* whatsappOpener.xcdatamodeld */,
			);
			path = Models;
			sourceTree = "<group>";
		};
		A74BEBCF22930D8800755D10 /* Views */ = {
			isa = PBXGroup;
			children = (
				A7EEA518228EF4860017B1B3 /* Main.storyboard */,
				A7EEA520228EF4870017B1B3 /* LaunchScreen.storyboard */,
			);
			path = Views;
			sourceTree = "<group>";
		};
		A74BEBD022930D8E00755D10 /* Controllers */ = {
			isa = PBXGroup;
			children = (
				A7EEA516228EF4860017B1B3 /* ViewController.swift */,
			);
			path = Controllers;
			sourceTree = "<group>";
		};
		A7EEA508228EF4850017B1B3 = {
			isa = PBXGroup;
			children = (
				A7EEA513228EF4860017B1B3 /* whatsappOpener */,
				A7EEA52B228EF4870017B1B3 /* whatsappOpenerTests */,
				A7EEA536228EF4870017B1B3 /* whatsappOpenerUITests */,
				A7EEA512228EF4860017B1B3 /* Products */,
			);
			sourceTree = "<group>";
		};
		A7EEA512228EF4860017B1B3 /* Products */ = {
			isa = PBXGroup;
			children = (
				A7EEA511228EF4860017B1B3 /* whatsappOpener.app */,
				A7EEA528228EF4870017B1B3 /* whatsappOpenerTests.xctest */,
				A7EEA533228EF4870017B1B3 /* whatsappOpenerUITests.xctest */,
			);
			name = Products;
			sourceTree = "<group>";
		};
		A7EEA513228EF4860017B1B3 /* whatsappOpener */ = {
			isa = PBXGroup;
			children = (
				A74BEBCE22930D6900755D10 /* Models */,
				A74BEBCF22930D8800755D10 /* Views */,
				A74BEBD022930D8E00755D10 /* Controllers */,
				A74BEBCD22930D3B00755D10 /* SupportFiles */,
				A7EEA523228EF4870017B1B3 /* Info.plist */,
			);
			path = whatsappOpener;
			sourceTree = "<group>";
		};
		A7EEA52B228EF4870017B1B3 /* whatsappOpenerTests */ = {
			isa = PBXGroup;
			children = (
				A7EEA52C228EF4870017B1B3 /* whatsappOpenerTests.swift */,
				A7EEA52E228EF4870017B1B3 /* Info.plist */,
			);
			path = whatsappOpenerTests;
			sourceTree = "<group>";
		};
		A7EEA536228EF4870017B1B3 /* whatsappOpenerUITests */ = {
			isa = PBXGroup;
			children = (
				A7EEA537228EF4870017B1B3 /* whatsappOpenerUITests.swift */,
				A7EEA539228EF4870017B1B3 /* Info.plist */,
			);
			path = whatsappOpenerUITests;
			sourceTree = "<group>";
		};
/* End PBXGroup section */

/* Begin PBXNativeTarget section */
		A7EEA510228EF4850017B1B3 /* whatsappOpener */ = {
			isa = PBXNativeTarget;
			buildConfigurationList = A7EEA53C228EF4870017B1B3 /* Build configuration list for PBXNativeTarget "whatsappOpener" */;
			buildPhases = (
				A7EEA50D228EF4850017B1B3 /* Sources */,
				A7EEA50E228EF4850017B1B3 /* Frameworks */,
				A7EEA50F228EF4850017B1B3 /* Resources */,
			);
			buildRules = (
			);
			dependencies = (
			);
			name = whatsappOpener;
			productName = whatsappOpener;
			productReference = A7EEA511228EF4860017B1B3 /* whatsappOpener.app */;
			productType = "com.apple.product-type.application";
		};
		A7EEA527228EF4870017B1B3 /* whatsappOpenerTests */ = {
			isa = PBXNativeTarget;
			buildConfigurationList = A7EEA53F228EF4870017B1B3 /* Build configuration list for PBXNativeTarget "whatsappOpenerTests" */;
			buildPhases = (
				A7EEA524228EF4870017B1B3 /* Sources */,
				A7EEA525228EF4870017B1B3 /* Frameworks */,
				A7EEA526228EF4870017B1B3 /* Resources */,
			);
			buildRules = (
			);
			dependencies = (
				A7EEA52A228EF4870017B1B3 /* PBXTargetDependency */,
			);
			name = whatsappOpenerTests;
			productName = whatsappOpenerTests;
			productReference = A7EEA528228EF4870017B1B3 /* whatsappOpenerTests.xctest */;
			productType = "com.apple.product-type.bundle.unit-test";
		};
		A7EEA532228EF4870017B1B3 /* whatsappOpenerUITests */ = {
			isa = PBXNativeTarget;
			buildConfigurationList = A7EEA542228EF4870017B1B3 /* Build configuration list for PBXNativeTarget "whatsappOpenerUITests" */;
			buildPhases = (
				A7EEA52F228EF4870017B1B3 /* Sources */,
				A7EEA530228EF4870017B1B3 /* Frameworks */,
				A7EEA531228EF4870017B1B3 /* Resources */,
			);
			buildRules = (
			);
			dependencies = (
				A7EEA535228EF4870017B1B3 /* PBXTargetDependency */,
			);
			name = whatsappOpenerUITests;
			productName = whatsappOpenerUITests;
			productReference = A7EEA533228EF4870017B1B3 /* whatsappOpenerUITests.xctest */;
			productType = "com.apple.product-type.bundle.ui-testing";
		};
/* End PBXNativeTarget section */

/* Begin PBXProject section */
		A7EEA509228EF4850017B1B3 /* Project object */ = {
			isa = PBXProject;
			attributes = {
				LastSwiftUpdateCheck = 1020;
				LastUpgradeCheck = 1020;
				ORGANIZATIONNAME = "Leonardo A B Leite";
				TargetAttributes = {
					A7EEA510228EF4850017B1B3 = {
						CreatedOnToolsVersion = 10.2.1;
					};
					A7EEA527228EF4870017B1B3 = {
						CreatedOnToolsVersion = 10.2.1;
						TestTargetID = A7EEA510228EF4850017B1B3;
					};
					A7EEA532228EF4870017B1B3 = {
						CreatedOnToolsVersion = 10.2.1;
						TestTargetID = A7EEA510228EF4850017B1B3;
					};
				};
			};
			buildConfigurationList = A7EEA50C228EF4850017B1B3 /* Build configuration list for PBXProject "whatsappOpener" */;
			compatibilityVersion = "Xcode 9.3";
			developmentRegion = en;
			hasScannedForEncodings = 0;
			knownRegions = (
				en,
				Base,
			);
			mainGroup = A7EEA508228EF4850017B1B3;
			productRefGroup = A7EEA512228EF4860017B1B3 /* Products */;
			projectDirPath = "";
			projectRoot = "";
			targets = (
				A7EEA510228EF4850017B1B3 /* whatsappOpener */,
				A7EEA527228EF4870017B1B3 /* whatsappOpenerTests */,
				A7EEA532228EF4870017B1B3 /* whatsappOpenerUITests */,
			);
		};
/* End PBXProject section */

/* Begin PBXResourcesBuildPhase section */
		A7EEA50F228EF4850017B1B3 /* Resources */ = {
			isa = PBXResourcesBuildPhase;
			buildActionMask = 2147483647;
			files = (
				A7EEA522228EF4870017B1B3 /* LaunchScreen.storyboard in Resources */,
				A7EEA51F228EF4870017B1B3 /* Assets.xcassets in Resources */,
				A7214C9B2294EE3900ABBCA1 /* countries.json in Resources */,
				A7EEA51A228EF4860017B1B3 /* Main.storyboard in Resources */,
			);
			runOnlyForDeploymentPostprocessing = 0;
		};
		A7EEA526228EF4870017B1B3 /* Resources */ = {
			isa = PBXResourcesBuildPhase;
			buildActionMask = 2147483647;
			files = (
			);
			runOnlyForDeploymentPostprocessing = 0;
		};
		A7EEA531228EF4870017B1B3 /* Resources */ = {
			isa = PBXResourcesBuildPhase;
			buildActionMask = 2147483647;
			files = (
			);
			runOnlyForDeploymentPostprocessing = 0;
		};
/* End PBXResourcesBuildPhase section */

/* Begin PBXSourcesBuildPhase section */
		A7EEA50D228EF4850017B1B3 /* Sources */ = {
			isa = PBXSourcesBuildPhase;
			buildActionMask = 2147483647;
			files = (
				A7EEA517228EF4860017B1B3 /* ViewController.swift in Sources */,
				A7EEA515228EF4860017B1B3 /* AppDelegate.swift in Sources */,
				A7EEA51D228EF4860017B1B3 /* whatsappOpener.xcdatamodeld in Sources */,
			);
			runOnlyForDeploymentPostprocessing = 0;
		};
		A7EEA524228EF4870017B1B3 /* Sources */ = {
			isa = PBXSourcesBuildPhase;
			buildActionMask = 2147483647;
			files = (
				A7EEA52D228EF4870017B1B3 /* whatsappOpenerTests.swift in Sources */,
			);
			runOnlyForDeploymentPostprocessing = 0;
		};
		A7EEA52F228EF4870017B1B3 /* Sources */ = {
			isa = PBXSourcesBuildPhase;
			buildActionMask = 2147483647;
			files = (
				A7EEA538228EF4870017B1B3 /* whatsappOpenerUITests.swift in Sources */,
			);
			runOnlyForDeploymentPostprocessing = 0;
		};
/* End PBXSourcesBuildPhase section */

/* Begin PBXTargetDependency section */
		A7EEA52A228EF4870017B1B3 /* PBXTargetDependency */ = {
			isa = PBXTargetDependency;
			target = A7EEA510228EF4850017B1B3 /* whatsappOpener */;
			targetProxy = A7EEA529228EF4870017B1B3 /* PBXContainerItemProxy */;
		};
		A7EEA535228EF4870017B1B3 /* PBXTargetDependency */ = {
			isa = PBXTargetDependency;
			target = A7EEA510228EF4850017B1B3 /* whatsappOpener */;
			targetProxy = A7EEA534228EF4870017B1B3 /* PBXContainerItemProxy */;
		};
/* End PBXTargetDependency section */

/* Begin PBXVariantGroup section */
		A7EEA518228EF4860017B1B3 /* Main.storyboard */ = {
			isa = PBXVariantGroup;
			children = (
				A7EEA519228EF4860017B1B3 /* Base */,
			);
			name = Main.storyboard;
			sourceTree = "<group>";
		};
		A7EEA520228EF4870017B1B3 /* LaunchScreen.storyboard */ = {
			isa = PBXVariantGroup;
			children = (
				A7EEA521228EF4870017B1B3 /* Base */,
			);
			name = LaunchScreen.storyboard;
			sourceTree = "<group>";
		};
/* End PBXVariantGroup section */

/* Begin XCBuildConfiguration section */
		A7EEA53A228EF4870017B1B3 /* Debug */ = {
			isa = XCBuildConfiguration;
			buildSettings = {
				ALWAYS_SEARCH_USER_PATHS = NO;
				CLANG_ANALYZER_NONNULL = YES;
				CLANG_ANALYZER_NUMBER_OBJECT_CONVERSION = YES_AGGRESSIVE;
				CLANG_CXX_LANGUAGE_STANDARD = "gnu++14";
				CLANG_CXX_LIBRARY = "libc++";
				CLANG_ENABLE_MODULES = YES;
				CLANG_ENABLE_OBJC_ARC = YES;
				CLANG_ENABLE_OBJC_WEAK = YES;
				CLANG_WARN_BLOCK_CAPTURE_AUTORELEASING = YES;
				CLANG_WARN_BOOL_CONVERSION = YES;
				CLANG_WARN_COMMA = YES;
				CLANG_WARN_CONSTANT_CONVERSION = YES;
				CLANG_WARN_DEPRECATED_OBJC_IMPLEMENTATIONS = YES;
				CLANG_WARN_DIRECT_OBJC_ISA_USAGE = YES_ERROR;
				CLANG_WARN_DOCUMENTATION_COMMENTS = YES;
				CLANG_WARN_EMPTY_BODY = YES;
				CLANG_WARN_ENUM_CONVERSION = YES;
				CLANG_WARN_INFINITE_RECURSION = YES;
				CLANG_WARN_INT_CONVERSION = YES;
				CLANG_WARN_NON_LITERAL_NULL_CONVERSION = YES;
				CLANG_WARN_OBJC_IMPLICIT_RETAIN_SELF = YES;
				CLANG_WARN_OBJC_LITERAL_CONVERSION = YES;
				CLANG_WARN_OBJC_ROOT_CLASS = YES_ERROR;
				CLANG_WARN_RANGE_LOOP_ANALYSIS = YES;
				CLANG_WARN_STRICT_PROTOTYPES = YES;
				CLANG_WARN_SUSPICIOUS_MOVE = YES;
				CLANG_WARN_UNGUARDED_AVAILABILITY = YES_AGGRESSIVE;
				CLANG_WARN_UNREACHABLE_CODE = YES;
				CLANG_WARN__DUPLICATE_METHOD_MATCH = YES;
				CODE_SIGN_IDENTITY = "iPhone Developer";
				COPY_PHASE_STRIP = NO;
				DEBUG_INFORMATION_FORMAT = dwarf;
				ENABLE_STRICT_OBJC_MSGSEND = YES;
				ENABLE_TESTABILITY = YES;
				GCC_C_LANGUAGE_STANDARD = gnu11;
				GCC_DYNAMIC_NO_PIC = NO;
				GCC_NO_COMMON_BLOCKS = YES;
				GCC_OPTIMIZATION_LEVEL = 0;
				GCC_PREPROCESSOR_DEFINITIONS = (
					"DEBUG=1",
					"$(inherited)",
				);
				GCC_WARN_64_TO_32_BIT_CONVERSION = YES;
				GCC_WARN_ABOUT_RETURN_TYPE = YES_ERROR;
				GCC_WARN_UNDECLARED_SELECTOR = YES;
				GCC_WARN_UNINITIALIZED_AUTOS = YES_AGGRESSIVE;
				GCC_WARN_UNUSED_FUNCTION = YES;
				GCC_WARN_UNUSED_VARIABLE = YES;
				IPHONEOS_DEPLOYMENT_TARGET = 12.2;
				MTL_ENABLE_DEBUG_INFO = INCLUDE_SOURCE;
				MTL_FAST_MATH = YES;
				ONLY_ACTIVE_ARCH = YES;
				SDKROOT = iphoneos;
				SWIFT_ACTIVE_COMPILATION_CONDITIONS = DEBUG;
				SWIFT_OPTIMIZATION_LEVEL = "-Onone";
			};
			name = Debug;
		};
		A7EEA53B228EF4870017B1B3 /* Release */ = {
			isa = XCBuildConfiguration;
			buildSettings = {
				ALWAYS_SEARCH_USER_PATHS = NO;
				CLANG_ANALYZER_NONNULL = YES;
				CLANG_ANALYZER_NUMBER_OBJECT_CONVERSION = YES_AGGRESSIVE;
				CLANG_CXX_LANGUAGE_STANDARD = "gnu++14";
				CLANG_CXX_LIBRARY = "libc++";
				CLANG_ENABLE_MODULES = YES;
				CLANG_ENABLE_OBJC_ARC = YES;
				CLANG_ENABLE_OBJC_WEAK = YES;
				CLANG_WARN_BLOCK_CAPTURE_AUTORELEASING = YES;
				CLANG_WARN_BOOL_CONVERSION = YES;
				CLANG_WARN_COMMA = YES;
				CLANG_WARN_CONSTANT_CONVERSION = YES;
				CLANG_WARN_DEPRECATED_OBJC_IMPLEMENTATIONS = YES;
				CLANG_WARN_DIRECT_OBJC_ISA_USAGE = YES_ERROR;
				CLANG_WARN_DOCUMENTATION_COMMENTS = YES;
				CLANG_WARN_EMPTY_BODY = YES;
				CLANG_WARN_ENUM_CONVERSION = YES;
				CLANG_WARN_INFINITE_RECURSION = YES;
				CLANG_WARN_INT_CONVERSION = YES;
				CLANG_WARN_NON_LITERAL_NULL_CONVERSION = YES;
				CLANG_WARN_OBJC_IMPLICIT_RETAIN_SELF = YES;
				CLANG_WARN_OBJC_LITERAL_CONVERSION = YES;
				CLANG_WARN_OBJC_ROOT_CLASS = YES_ERROR;
				CLANG_WARN_RANGE_LOOP_ANALYSIS = YES;
				CLANG_WARN_STRICT_PROTOTYPES = YES;
				CLANG_WARN_SUSPICIOUS_MOVE = YES;
				CLANG_WARN_UNGUARDED_AVAILABILITY = YES_AGGRESSIVE;
				CLANG_WARN_UNREACHABLE_CODE = YES;
				CLANG_WARN__DUPLICATE_METHOD_MATCH = YES;
				CODE_SIGN_IDENTITY = "iPhone Developer";
				COPY_PHASE_STRIP = NO;
				DEBUG_INFORMATION_FORMAT = "dwarf-with-dsym";
				ENABLE_NS_ASSERTIONS = NO;
				ENABLE_STRICT_OBJC_MSGSEND = YES;
				GCC_C_LANGUAGE_STANDARD = gnu11;
				GCC_NO_COMMON_BLOCKS = YES;
				GCC_WARN_64_TO_32_BIT_CONVERSION = YES;
				GCC_WARN_ABOUT_RETURN_TYPE = YES_ERROR;
				GCC_WARN_UNDECLARED_SELECTOR = YES;
				GCC_WARN_UNINITIALIZED_AUTOS = YES_AGGRESSIVE;
				GCC_WARN_UNUSED_FUNCTION = YES;
				GCC_WARN_UNUSED_VARIABLE = YES;
				IPHONEOS_DEPLOYMENT_TARGET = 12.2;
				MTL_ENABLE_DEBUG_INFO = NO;
				MTL_FAST_MATH = YES;
				SDKROOT = iphoneos;
				SWIFT_COMPILATION_MODE = wholemodule;
				SWIFT_OPTIMIZATION_LEVEL = "-O";
				VALIDATE_PRODUCT = YES;
			};
			name = Release;
		};
		A7EEA53D228EF4870017B1B3 /* Debug */ = {
			isa = XCBuildConfiguration;
			buildSettings = {
				ASSETCATALOG_COMPILER_APPICON_NAME = AppIcon;
				CODE_SIGN_IDENTITY = "iPhone Developer";
				CODE_SIGN_STYLE = Automatic;
				DEVELOPMENT_TEAM = YLC5EBHYG4;
				INFOPLIST_FILE = whatsappOpener/Info.plist;
				LD_RUNPATH_SEARCH_PATHS = (
					"$(inherited)",
					"@executable_path/Frameworks",
				);
				PRODUCT_BUNDLE_IDENTIFIER = com.leonardobezerraleite.whatsappOpener2;
				PRODUCT_NAME = "$(TARGET_NAME)";
				PROVISIONING_PROFILE_SPECIFIER = "";
				SWIFT_VERSION = 5.0;
				TARGETED_DEVICE_FAMILY = "1,2";
			};
			name = Debug;
		};
		A7EEA53E228EF4870017B1B3 /* Release */ = {
			isa = XCBuildConfiguration;
			buildSettings = {
				ASSETCATALOG_COMPILER_APPICON_NAME = AppIcon;
				CODE_SIGN_IDENTITY = "iPhone Developer";
				CODE_SIGN_STYLE = Automatic;
				DEVELOPMENT_TEAM = YLC5EBHYG4;
				INFOPLIST_FILE = whatsappOpener/Info.plist;
				LD_RUNPATH_SEARCH_PATHS = (
					"$(inherited)",
					"@executable_path/Frameworks",
				);
				PRODUCT_BUNDLE_IDENTIFIER = com.leonardobezerraleite.whatsappOpener2;
				PRODUCT_NAME = "$(TARGET_NAME)";
				PROVISIONING_PROFILE_SPECIFIER = "";
				SWIFT_VERSION = 5.0;
				TARGETED_DEVICE_FAMILY = "1,2";
			};
			name = Release;
		};
		A7EEA540228EF4870017B1B3 /* Debug */ = {
			isa = XCBuildConfiguration;
			buildSettings = {
				ALWAYS_EMBED_SWIFT_STANDARD_LIBRARIES = YES;
				BUNDLE_LOADER = "$(TEST_HOST)";
				CODE_SIGN_STYLE = Automatic;
				INFOPLIST_FILE = whatsappOpenerTests/Info.plist;
				LD_RUNPATH_SEARCH_PATHS = (
					"$(inherited)",
					"@executable_path/Frameworks",
					"@loader_path/Frameworks",
				);
				PRODUCT_BUNDLE_IDENTIFIER = com.leonardobezerraleite.whatsappOpenerTests;
				PRODUCT_NAME = "$(TARGET_NAME)";
				SWIFT_VERSION = 5.0;
				TARGETED_DEVICE_FAMILY = "1,2";
				TEST_HOST = "$(BUILT_PRODUCTS_DIR)/whatsappOpener.app/whatsappOpener";
			};
			name = Debug;
		};
		A7EEA541228EF4870017B1B3 /* Release */ = {
			isa = XCBuildConfiguration;
			buildSettings = {
				ALWAYS_EMBED_SWIFT_STANDARD_LIBRARIES = YES;
				BUNDLE_LOADER = "$(TEST_HOST)";
				CODE_SIGN_STYLE = Automatic;
				INFOPLIST_FILE = whatsappOpenerTests/Info.plist;
				LD_RUNPATH_SEARCH_PATHS = (
					"$(inherited)",
					"@executable_path/Frameworks",
					"@loader_path/Frameworks",
				);
				PRODUCT_BUNDLE_IDENTIFIER = com.leonardobezerraleite.whatsappOpenerTests;
				PRODUCT_NAME = "$(TARGET_NAME)";
				SWIFT_VERSION = 5.0;
				TARGETED_DEVICE_FAMILY = "1,2";
				TEST_HOST = "$(BUILT_PRODUCTS_DIR)/whatsappOpener.app/whatsappOpener";
			};
			name = Release;
		};
		A7EEA543228EF4870017B1B3 /* Debug */ = {
			isa = XCBuildConfiguration;
			buildSettings = {
				ALWAYS_EMBED_SWIFT_STANDARD_LIBRARIES = YES;
				CODE_SIGN_STYLE = Automatic;
				INFOPLIST_FILE = whatsappOpenerUITests/Info.plist;
				LD_RUNPATH_SEARCH_PATHS = (
					"$(inherited)",
					"@executable_path/Frameworks",
					"@loader_path/Frameworks",
				);
				PRODUCT_BUNDLE_IDENTIFIER = com.leonardobezerraleite.whatsappOpenerUITests;
				PRODUCT_NAME = "$(TARGET_NAME)";
				SWIFT_VERSION = 5.0;
				TARGETED_DEVICE_FAMILY = "1,2";
				TEST_TARGET_NAME = whatsappOpener;
			};
			name = Debug;
		};
		A7EEA544228EF4870017B1B3 /* Release */ = {
			isa = XCBuildConfiguration;
			buildSettings = {
				ALWAYS_EMBED_SWIFT_STANDARD_LIBRARIES = YES;
				CODE_SIGN_STYLE = Automatic;
				INFOPLIST_FILE = whatsappOpenerUITests/Info.plist;
				LD_RUNPATH_SEARCH_PATHS = (
					"$(inherited)",
					"@executable_path/Frameworks",
					"@loader_path/Frameworks",
				);
				PRODUCT_BUNDLE_IDENTIFIER = com.leonardobezerraleite.whatsappOpenerUITests;
				PRODUCT_NAME = "$(TARGET_NAME)";
				SWIFT_VERSION = 5.0;
				TARGETED_DEVICE_FAMILY = "1,2";
				TEST_TARGET_NAME = whatsappOpener;
			};
			name = Release;
		};
/* End XCBuildConfiguration section */

/* Begin XCConfigurationList section */
		A7EEA50C228EF4850017B1B3 /* Build configuration list for PBXProject "whatsappOpener" */ = {
			isa = XCConfigurationList;
			buildConfigurations = (
				A7EEA53A228EF4870017B1B3 /* Debug */,
				A7EEA53B228EF4870017B1B3 /* Release */,
			);
			defaultConfigurationIsVisible = 0;
			defaultConfigurationName = Release;
		};
		A7EEA53C228EF4870017B1B3 /* Build configuration list for PBXNativeTarget "whatsappOpener" */ = {
			isa = XCConfigurationList;
			buildConfigurations = (
				A7EEA53D228EF4870017B1B3 /* Debug */,
				A7EEA53E228EF4870017B1B3 /* Release */,
			);
			defaultConfigurationIsVisible = 0;
			defaultConfigurationName = Release;
		};
		A7EEA53F228EF4870017B1B3 /* Build configuration list for PBXNativeTarget "whatsappOpenerTests" */ = {
			isa = XCConfigurationList;
			buildConfigurations = (
				A7EEA540228EF4870017B1B3 /* Debug */,
				A7EEA541228EF4870017B1B3 /* Release */,
			);
			defaultConfigurationIsVisible = 0;
			defaultConfigurationName = Release;
		};
		A7EEA542228EF4870017B1B3 /* Build configuration list for PBXNativeTarget "whatsappOpenerUITests" */ = {
			isa = XCConfigurationList;
			buildConfigurations = (
				A7EEA543228EF4870017B1B3 /* Debug */,
				A7EEA544228EF4870017B1B3 /* Release */,
			);
			defaultConfigurationIsVisible = 0;
			defaultConfigurationName = Release;
		};
/* End XCConfigurationList section */

/* Begin XCVersionGroup section */
		A7EEA51B228EF4860017B1B3 /* whatsappOpener.xcdatamodeld */ = {
			isa = XCVersionGroup;
			children = (
				A7EEA51C228EF4860017B1B3 /* whatsappOpener.xcdatamodel */,
			);
			currentVersion = A7EEA51C228EF4860017B1B3 /* whatsappOpener.xcdatamodel */;
			path = whatsappOpener.xcdatamodeld;
			sourceTree = "<group>";
			versionGroupType = wrapper.xcdatamodel;
		};
/* End XCVersionGroup section */
	};
	rootObject = A7EEA509228EF4850017B1B3 /* Project object */;
}
